
Microsoft Visual Studio Solution File, Format Version 12.00
# Visual Studio Version 17
VisualStudioVersion = 17.7.34003.232
MinimumVisualStudioVersion = 10.0.40219.1
Project("{9A19103F-16F7-4668-BE54-9A1E7A4F7556}") = "Hangfire", "Hangfire.csproj", "{238185F3-ACBE-432D-9A1C-F9E837CFC3ED}"
EndProject
Project("{9A19103F-16F7-4668-BE54-9A1E7A4F7556}") = "Hangfire.Application", "..\Hangfire.Application\Hangfire.Application.csproj", "{FDE857A2-C473-488B-9B95-627831354F52}"
EndProject
Project("{FAE04EC0-301F-11D3-BF4B-00C04F79EFBC}") = "Hangfire.Data", "..\Hangfire.Data\Hangfire.Data.csproj", "{953CDE99-F991-4356-8613-C29DFCC8DB8E}"
EndProject
Global
	GlobalSection(SolutionConfigurationPlatforms) = preSolution
		Debug|Any CPU = Debug|Any CPU
		Release|Any CPU = Release|Any CPU
	EndGlobalSection
	GlobalSection(ProjectConfigurationPlatforms) = postSolution
		{238185F3-ACBE-432D-9A1C-F9E837CFC3ED}.Debug|Any CPU.ActiveCfg = Debug|Any CPU
		{238185F3-ACBE-432D-9A1C-F9E837CFC3ED}.Debug|Any CPU.Build.0 = Debug|Any CPU
		{238185F3-ACBE-432D-9A1C-F9E837CFC3ED}.Release|Any CPU.ActiveCfg = Release|Any CPU
		{238185F3-ACBE-432D-9A1C-F9E837CFC3ED}.Release|Any CPU.Build.0 = Release|Any CPU
		{FDE857A2-C473-488B-9B95-627831354F52}.Debug|Any CPU.ActiveCfg = Debug|Any CPU
		{FDE857A2-C473-488B-9B95-627831354F52}.Debug|Any CPU.Build.0 = Debug|Any CPU
		{FDE857A2-C473-488B-9B95-627831354F52}.Release|Any CPU.ActiveCfg = Release|Any CPU
		{FDE857A2-C473-488B-9B95-627831354F52}.Release|Any CPU.Build.0 = Release|Any CPU
		{953CDE99-F991-4356-8613-C29DFCC8DB8E}.Debug|Any CPU.ActiveCfg = Debug|Any CPU
		{953CDE99-F991-4356-8613-C29DFCC8DB8E}.Debug|Any CPU.Build.0 = Debug|Any CPU
		{953CDE99-F991-4356-8613-C29DFCC8DB8E}.Release|Any CPU.ActiveCfg = Release|Any CPU
		{953CDE99-F991-4356-8613-C29DFCC8DB8E}.Release|Any CPU.Build.0 = Release|Any CPU
	EndGlobalSection
	GlobalSection(SolutionProperties) = preSolution
		HideSolutionNode = FALSE
	EndGlobalSection
	GlobalSection(ExtensibilityGlobals) = postSolution
		SolutionGuid = {56A46CE3-96A8-474E-BAA1-B3F06CFC396F}
	EndGlobalSection
EndGlobal
